
Microsoft Visual Studio Solution File, Format Version 12.00
# Visual Studio 2013
VisualStudioVersion = 12.0.30723.0
MinimumVisualStudioVersion = 10.0.40219.1
Project("{FAE04EC0-301F-11D3-BF4B-00C04F79EFBC}") = "ProjectDemo", "ProjectDemo\ProjectDemo.csproj", "{39B1608D-C6B8-4A4C-A9EE-AB2D0473D69A}"
EndProject
Project("{FAE04EC0-301F-11D3-BF4B-00C04F79EFBC}") = "ProBaidu", "ProBaidu\ProBaidu.csproj", "{E5541CD0-7ACF-4655-A912-0C9D369348D9}"
EndProject
Project("{FAE04EC0-301F-11D3-BF4B-00C04F79EFBC}") = "ProSogou", "ProSogou\ProSogou.csproj", "{258D4853-5346-4F86-BB5C-12D986A5D2C2}"
EndProject
Project("{FAE04EC0-301F-11D3-BF4B-00C04F79EFBC}") = "ProLogin", "ProLogin\ProLogin.csproj", "{1C2BD9EC-C4F4-4414-9DF2-49213B2C6CB4}"
EndProject
Project("{FAE04EC0-301F-11D3-BF4B-00C04F79EFBC}") = "Pro360", "Pro360\Pro360.csproj", "{CD9AF430-7755-4EE8-9AB0-38271CB8E2AD}"
EndProject
Project("{FAE04EC0-301F-11D3-BF4B-00C04F79EFBC}") = "ProBiddingBaidu", "ProBiddingBaidu\ProBiddingBaidu.csproj", "{2D4485E4-34BB-4D8D-BE94-BF8A5C8D192E}"
EndProject
Project("{FAE04EC0-301F-11D3-BF4B-00C04F79EFBC}") = "ProBiddingSogou", "ProBiddingSogou\ProBiddingSogou.csproj", "{03785D94-346B-45C2-8B3C-F01DD08EE936}"
EndProject
Project("{FAE04EC0-301F-11D3-BF4B-00C04F79EFBC}") = "ProBidding360", "ProBidding360\ProBidding360.csproj", "{44E02525-A0D1-4C13-BD16-CFF55302244E}"
EndProject
Project("{FAE04EC0-301F-11D3-BF4B-00C04F79EFBC}") = "ProConverter", "ProConverter\ProConverter.csproj", "{1B501606-CFA5-4E2B-97FD-3C871D5D312E}"
EndProject
Project("{FAE04EC0-301F-11D3-BF4B-00C04F79EFBC}") = "ResouuceLibrary", "ResourceLibrary\ResouuceLibrary.csproj", "{E7518BE0-1BB1-4526-BBBC-886B3B259E1D}"
EndProject
Project("{FAE04EC0-301F-11D3-BF4B-00C04F79EFBC}") = "ThemeLibrary", "ThemeLibrary\ThemeLibrary.csproj", "{44CB10A6-FE0F-4E89-B0D5-D0F91565EF17}"
EndProject
Global
	GlobalSection(SolutionConfigurationPlatforms) = preSolution
		Debug|Any CPU = Debug|Any CPU
		Release|Any CPU = Release|Any CPU
	EndGlobalSection
	GlobalSection(ProjectConfigurationPlatforms) = postSolution
		{39B1608D-C6B8-4A4C-A9EE-AB2D0473D69A}.Debug|Any CPU.ActiveCfg = Debug|Any CPU
		{39B1608D-C6B8-4A4C-A9EE-AB2D0473D69A}.Debug|Any CPU.Build.0 = Debug|Any CPU
		{39B1608D-C6B8-4A4C-A9EE-AB2D0473D69A}.Release|Any CPU.ActiveCfg = Release|Any CPU
		{39B1608D-C6B8-4A4C-A9EE-AB2D0473D69A}.Release|Any CPU.Build.0 = Release|Any CPU
		{E5541CD0-7ACF-4655-A912-0C9D369348D9}.Debug|Any CPU.ActiveCfg = Debug|Any CPU
		{E5541CD0-7ACF-4655-A912-0C9D369348D9}.Debug|Any CPU.Build.0 = Debug|Any CPU
		{E5541CD0-7ACF-4655-A912-0C9D369348D9}.Release|Any CPU.ActiveCfg = Release|Any CPU
		{E5541CD0-7ACF-4655-A912-0C9D369348D9}.Release|Any CPU.Build.0 = Release|Any CPU
		{258D4853-5346-4F86-BB5C-12D986A5D2C2}.Debug|Any CPU.ActiveCfg = Debug|Any CPU
		{258D4853-5346-4F86-BB5C-12D986A5D2C2}.Debug|Any CPU.Build.0 = Debug|Any CPU
		{258D4853-5346-4F86-BB5C-12D986A5D2C2}.Release|Any CPU.ActiveCfg = Release|Any CPU
		{258D4853-5346-4F86-BB5C-12D986A5D2C2}.Release|Any CPU.Build.0 = Release|Any CPU
		{1C2BD9EC-C4F4-4414-9DF2-49213B2C6CB4}.Debug|Any CPU.ActiveCfg = Debug|Any CPU
		{1C2BD9EC-C4F4-4414-9DF2-49213B2C6CB4}.Debug|Any CPU.Build.0 = Debug|Any CPU
		{1C2BD9EC-C4F4-4414-9DF2-49213B2C6CB4}.Release|Any CPU.ActiveCfg = Release|Any CPU
		{1C2BD9EC-C4F4-4414-9DF2-49213B2C6CB4}.Release|Any CPU.Build.0 = Release|Any CPU
		{CD9AF430-7755-4EE8-9AB0-38271CB8E2AD}.Debug|Any CPU.ActiveCfg = Debug|Any CPU
		{CD9AF430-7755-4EE8-9AB0-38271CB8E2AD}.Debug|Any CPU.Build.0 = Debug|Any CPU
		{CD9AF430-7755-4EE8-9AB0-38271CB8E2AD}.Release|Any CPU.ActiveCfg = Release|Any CPU
		{CD9AF430-7755-4EE8-9AB0-38271CB8E2AD}.Release|Any CPU.Build.0 = Release|Any CPU
		{2D4485E4-34BB-4D8D-BE94-BF8A5C8D192E}.Debug|Any CPU.ActiveCfg = Debug|Any CPU
		{2D4485E4-34BB-4D8D-BE94-BF8A5C8D192E}.Debug|Any CPU.Build.0 = Debug|Any CPU
		{2D4485E4-34BB-4D8D-BE94-BF8A5C8D192E}.Release|Any CPU.ActiveCfg = Release|Any CPU
		{2D4485E4-34BB-4D8D-BE94-BF8A5C8D192E}.Release|Any CPU.Build.0 = Release|Any CPU
		{03785D94-346B-45C2-8B3C-F01DD08EE936}.Debug|Any CPU.ActiveCfg = Debug|Any CPU
		{03785D94-346B-45C2-8B3C-F01DD08EE936}.Debug|Any CPU.Build.0 = Debug|Any CPU
		{03785D94-346B-45C2-8B3C-F01DD08EE936}.Release|Any CPU.ActiveCfg = Release|Any CPU
		{03785D94-346B-45C2-8B3C-F01DD08EE936}.Release|Any CPU.Build.0 = Release|Any CPU
		{44E02525-A0D1-4C13-BD16-CFF55302244E}.Debug|Any CPU.ActiveCfg = Debug|Any CPU
		{44E02525-A0D1-4C13-BD16-CFF55302244E}.Debug|Any CPU.Build.0 = Debug|Any CPU
		{44E02525-A0D1-4C13-BD16-CFF55302244E}.Release|Any CPU.ActiveCfg = Release|Any CPU
		{44E02525-A0D1-4C13-BD16-CFF55302244E}.Release|Any CPU.Build.0 = Release|Any CPU
		{1B501606-CFA5-4E2B-97FD-3C871D5D312E}.Debug|Any CPU.ActiveCfg = Debug|Any CPU
		{1B501606-CFA5-4E2B-97FD-3C871D5D312E}.Debug|Any CPU.Build.0 = Debug|Any CPU
		{1B501606-CFA5-4E2B-97FD-3C871D5D312E}.Release|Any CPU.ActiveCfg = Release|Any CPU
		{1B501606-CFA5-4E2B-97FD-3C871D5D312E}.Release|Any CPU.Build.0 = Release|Any CPU
		{E7518BE0-1BB1-4526-BBBC-886B3B259E1D}.Debug|Any CPU.ActiveCfg = Debug|Any CPU
		{E7518BE0-1BB1-4526-BBBC-886B3B259E1D}.Debug|Any CPU.Build.0 = Debug|Any CPU
		{E7518BE0-1BB1-4526-BBBC-886B3B259E1D}.Release|Any CPU.ActiveCfg = Release|Any CPU
		{E7518BE0-1BB1-4526-BBBC-886B3B259E1D}.Release|Any CPU.Build.0 = Release|Any CPU
		{44CB10A6-FE0F-4E89-B0D5-D0F91565EF17}.Debug|Any CPU.ActiveCfg = Debug|Any CPU
		{44CB10A6-FE0F-4E89-B0D5-D0F91565EF17}.Debug|Any CPU.Build.0 = Debug|Any CPU
		{44CB10A6-FE0F-4E89-B0D5-D0F91565EF17}.Release|Any CPU.ActiveCfg = Release|Any CPU
		{44CB10A6-FE0F-4E89-B0D5-D0F91565EF17}.Release|Any CPU.Build.0 = Release|Any CPU
	EndGlobalSection
	GlobalSection(SolutionProperties) = preSolution
		HideSolutionNode = FALSE
	EndGlobalSection
EndGlobal
